{
  "name": "audiomind-proxy",
  "version": "1.0.0",
  "lockfileVersion": 3,
  "requires": true,
  "packages": {
    "": {
      "name": "audiomind-proxy",
      "version": "1.0.0",
      "dependencies": {
        "@fal-ai/client": "^1.2.0",
        "@upstash/redis": "^1.36.3"
      }
    },
    "node_modules/@fal-ai/client": {
      "version": "1.9.4",
      "resolved": "https://registry.npmjs.org/@fal-ai/client/-/client-1.9.4.tgz",
      "integrity": "sha512-mDjF2QDq+oficSSxzmErNkseQeRXnvUBEhJy39n4PPe7jRPZeSqM2SNb27SW50rDtCtay+stwFU8zRZehlt1Qg==",
      "license": "MIT",
      "dependencies": {
        "@msgpack/msgpack": "^3.0.0-beta2",
        "eventsource-parser": "^1.1.2",
        "robot3": "^0.4.1"
      },
      "engines": {
        "node": ">=18.0.0"
      }
    },
    "node_modules/@msgpack/msgpack": {
      "version": "3.1.3",
      "resolved": "https://registry.npmjs.org/@msgpack/msgpack/-/msgpack-3.1.3.tgz",
      "integrity": "sha512-47XIizs9XZXvuJgoaJUIE2lFoID8ugvc0jzSHP+Ptfk8nTbnR8g788wv48N03Kx0UkAv559HWRQ3yzOgzlRNUA==",
      "license": "ISC",
      "engines": {
        "node": ">= 18"
      }
    },
    "node_modules/@upstash/redis": {
      "version": "1.36.3",
      "resolved": "https://registry.npmjs.org/@upstash/redis/-/redis-1.36.3.tgz",
      "integrity": "sha512-wxo1ei4OHDHm4UGMgrNVz9QUEela9N/Iwi4p1JlHNSowQiPi+eljlGnfbZVkV0V4PIrjGtGFJt5GjWM5k28enA==",
      "license": "MIT",
      "dependencies": {
        "uncrypto": "^0.1.3"
      }
    },
    "node_modules/eventsource-parser": {
      "version": "1.1.2",
      "resolved": "https://registry.npmjs.org/eventsource-parser/-/eventsource-parser-1.1.2.tgz",
      "integrity": "sha512-v0eOBUbiaFojBu2s2NPBfYUoRR9GjcDNvCXVaqEf5vVfpIAh9f8RCo4vXTP8c63QRKCFwoLpMpTdPwwhEKVgzA==",
      "license": "MIT",
      "engines": {
        "node": ">=14.18"
      }
    },
    "node_modules/robot3": {
      "version": "0.4.1",
      "resolved": "https://registry.npmjs.org/robot3/-/robot3-0.4.1.tgz",
      "integrity": "sha512-hzjy826lrxzx8eRgv80idkf8ua1JAepRc9Efdtj03N3KNJuznQCPlyCJ7gnUmDFwZCLQjxy567mQVKmdv2BsXQ==",
      "license": "BSD-2-Clause"
    },
    "node_modules/uncrypto": {
      "version": "0.1.3",
      "resolved": "https://registry.npmjs.org/uncrypto/-/uncrypto-0.1.3.tgz",
      "integrity": "sha512-Ql87qFHB3s/De2ClA9e0gsnS6zXG27SkTiSJwjCc9MebbfapQfuPzumMIUMi38ezPZVNFcHI9sUIepeQfw8J8Q==",
      "license": "MIT"
    }
  }
}
